// !$*UTF8*$!
{
	archiveVersion = 1;
	classes = {
	};
	objectVersion = 46;
	objects = {

/* Begin PBXBuildFile section */
		18961DE21D3E4B8D0099CA9C /* main.m in Sources */ = {isa = PBXBuildFile; fileRef = 18961DE11D3E4B8D0099CA9C /* main.m */; };
		18961DE51D3E4B8D0099CA9C /* AppDelegate.m in Sources */ = {isa = PBXBuildFile; fileRef = 18961DE41D3E4B8D0099CA9C /* AppDelegate.m */; };
		18961DED1D3E4B8D0099CA9C /* Assets.xcassets in Resources */ = {isa = PBXBuildFile; fileRef = 18961DEC1D3E4B8D0099CA9C /* Assets.xcassets */; };
		18961DF01D3E4B8D0099CA9C /* LaunchScreen.storyboard in Resources */ = {isa = PBXBuildFile; fileRef = 18961DEE1D3E4B8D0099CA9C /* LaunchScreen.storyboard */; };
		18961DF91D3E4C140099CA9C /* Model.m in Sources */ = {isa = PBXBuildFile; fileRef = 18961DF81D3E4C140099CA9C /* Model.m */; };
		18961DFD1D3FB73B0099CA9C /* JsonData.json in Resources */ = {isa = PBXBuildFile; fileRef = 18961DFC1D3FB73B0099CA9C /* JsonData.json */; };
		18961E011D3FB9100099CA9C /* JsonParsingTableViewController.m in Sources */ = {isa = PBXBuildFile; fileRef = 18961DFF1D3FB9100099CA9C /* JsonParsingTableViewController.m */; };
		18961E061D3FBB840099CA9C /* JsonDataTableViewCell.m in Sources */ = {isa = PBXBuildFile; fileRef = 18961E041D3FBB840099CA9C /* JsonDataTableViewCell.m */; };
		18961E071D3FBB840099CA9C /* JsonDataTableViewCell.xib in Resources */ = {isa = PBXBuildFile; fileRef = 18961E051D3FBB840099CA9C /* JsonDataTableViewCell.xib */; };
		18961E091D3FBC6D0099CA9C /* Main.storyboard in Resources */ = {isa = PBXBuildFile; fileRef = 18961E081D3FBC6D0099CA9C /* Main.storyboard */; };
/* End PBXBuildFile section */

/* Begin PBXFileReference section */
		18961DDD1D3E4B8D0099CA9C /* Json Parsing.app */ = {isa = PBXFileReference; explicitFileType = wrapper.application; includeInIndex = 0; path = "Json Parsing.app"; sourceTree = BUILT_PRODUCTS_DIR; };
		18961DE11D3E4B8D0099CA9C /* main.m */ = {isa = PBXFileReference; lastKnownFileType = sourcecode.c.objc; path = main.m; sourceTree = "<group>"; };
		18961DE31D3E4B8D0099CA9C /* AppDelegate.h */ = {isa = PBXFileReference; lastKnownFileType = sourcecode.c.h; path = AppDelegate.h; sourceTree = "<group>"; };
		18961DE41D3E4B8D0099CA9C /* AppDelegate.m */ = {isa = PBXFileReference; lastKnownFileType = sourcecode.c.objc; path = AppDelegate.m; sourceTree = "<group>"; };
		18961DEC1D3E4B8D0099CA9C /* Assets.xcassets */ = {isa = PBXFileReference; lastKnownFileType = folder.assetcatalog; path = Assets.xcassets; sourceTree = "<group>"; };
		18961DEF1D3E4B8D0099CA9C /* Base */ = {isa = PBXFileReference; lastKnownFileType = file.storyboard; name = Base; path = Base.lproj/LaunchScreen.storyboard; sourceTree = "<group>"; };
		18961DF11D3E4B8D0099CA9C /* Info.plist */ = {isa = PBXFileReference; lastKnownFileType = text.plist.xml; path = Info.plist; sourceTree = "<group>"; };
		18961DF71D3E4C140099CA9C /* Model.h */ = {isa = PBXFileReference; fileEncoding = 4; lastKnownFileType = sourcecode.c.h; path = Model.h; sourceTree = "<group>"; };
		18961DF81D3E4C140099CA9C /* Model.m */ = {isa = PBXFileReference; fileEncoding = 4; lastKnownFileType = sourcecode.c.objc; path = Model.m; sourceTree = "<group>"; };
		18961DFC1D3FB73B0099CA9C /* JsonData.json */ = {isa = PBXFileReference; fileEncoding = 4; lastKnownFileType = text.json; path = JsonData.json; sourceTree = "<group>"; };
		18961DFE1D3FB9100099CA9C /* JsonParsingTableViewController.h */ = {isa = PBXFileReference; fileEncoding = 4; lastKnownFileType = sourcecode.c.h; name = JsonParsingTableViewController.h; path = ../JsonParsingTableViewController.h; sourceTree = "<group>"; };
		18961DFF1D3FB9100099CA9C /* JsonParsingTableViewController.m */ = {isa = PBXFileReference; fileEncoding = 4; lastKnownFileType = sourcecode.c.objc; name = JsonParsingTableViewController.m; path = ../JsonParsingTableViewController.m; sourceTree = "<group>"; };
		18961E031D3FBB840099CA9C /* JsonDataTableViewCell.h */ = {isa = PBXFileReference; fileEncoding = 4; lastKnownFileType = sourcecode.c.h; path = JsonDataTableViewCell.h; sourceTree = "<group>"; };
		18961E041D3FBB840099CA9C /* JsonDataTableViewCell.m */ = {isa = PBXFileReference; fileEncoding = 4; lastKnownFileType = sourcecode.c.objc; path = JsonDataTableViewCell.m; sourceTree = "<group>"; };
		18961E051D3FBB840099CA9C /* JsonDataTableViewCell.xib */ = {isa = PBXFileReference; fileEncoding = 4; lastKnownFileType = file.xib; path = JsonDataTableViewCell.xib; sourceTree = "<group>"; };
		18961E081D3FBC6D0099CA9C /* Main.storyboard */ = {isa = PBXFileReference; fileEncoding = 4; lastKnownFileType = file.storyboard; name = Main.storyboard; path = ../Main.storyboard; sourceTree = "<group>"; };
/* End PBXFileReference section */

/* Begin PBXFrameworksBuildPhase section */
		18961DDA1D3E4B8D0099CA9C /* Frameworks */ = {
			isa = PBXFrameworksBuildPhase;
			buildActionMask = 2147483647;
			files = (
			);
			runOnlyForDeploymentPostprocessing = 0;
		};
/* End PBXFrameworksBuildPhase section */

/* Begin PBXGroup section */
		18961DD41D3E4B8D0099CA9C = {
			isa = PBXGroup;
			children = (
				18961DDF1D3E4B8D0099CA9C /* Json Parsing */,
				18961DDE1D3E4B8D0099CA9C /* Products */,
			);
			sourceTree = "<group>";
		};
		18961DDE1D3E4B8D0099CA9C /* Products */ = {
			isa = PBXGroup;
			children = (
				18961DDD1D3E4B8D0099CA9C /* Json Parsing.app */,
			);
			name = Products;
			sourceTree = "<group>";
		};
		18961DDF1D3E4B8D0099CA9C /* Json Parsing */ = {
			isa = PBXGroup;
			children = (
				18961DE31D3E4B8D0099CA9C /* AppDelegate.h */,
				18961DE41D3E4B8D0099CA9C /* AppDelegate.m */,
				18961DFE1D3FB9100099CA9C /* JsonParsingTableViewController.h */,
				18961DFF1D3FB9100099CA9C /* JsonParsingTableViewController.m */,
				18961E031D3FBB840099CA9C /* JsonDataTableViewCell.h */,
				18961E041D3FBB840099CA9C /* JsonDataTableViewCell.m */,
				18961E051D3FBB840099CA9C /* JsonDataTableViewCell.xib */,
				18961E081D3FBC6D0099CA9C /* Main.storyboard */,
				18961DF71D3E4C140099CA9C /* Model.h */,
				18961DF81D3E4C140099CA9C /* Model.m */,
				18961DFC1D3FB73B0099CA9C /* JsonData.json */,
				18961DEC1D3E4B8D0099CA9C /* Assets.xcassets */,
				18961DEE1D3E4B8D0099CA9C /* LaunchScreen.storyboard */,
				18961DF11D3E4B8D0099CA9C /* Info.plist */,
				18961DE01D3E4B8D0099CA9C /* Supporting Files */,
			);
			path = "Json Parsing";
			sourceTree = "<group>";
		};
		18961DE01D3E4B8D0099CA9C /* Supporting Files */ = {
			isa = PBXGroup;
			children = (
				18961DE11D3E4B8D0099CA9C /* main.m */,
			);
			name = "Supporting Files";
			sourceTree = "<group>";
		};
/* End PBXGroup section */

/* Begin PBXNativeTarget section */
		18961DDC1D3E4B8D0099CA9C /* Json Parsing */ = {
			isa = PBXNativeTarget;
			buildConfigurationList = 18961DF41D3E4B8D0099CA9C /* Build configuration list for PBXNativeTarget "Json Parsing" */;
			buildPhases = (
				18961DD91D3E4B8D0099CA9C /* Sources */,
				18961DDA1D3E4B8D0099CA9C /* Frameworks */,
				18961DDB1D3E4B8D0099CA9C /* Resources */,
			);
			buildRules = (
			);
			dependencies = (
			);
			name = "Json Parsing";
			productName = "Json Parsing";
			productReference = 18961DDD1D3E4B8D0099CA9C /* Json Parsing.app */;
			productType = "com.apple.product-type.application";
		};
/* End PBXNativeTarget section */

/* Begin PBXProject section */
		18961DD51D3E4B8D0099CA9C /* Project object */ = {
			isa = PBXProject;
			attributes = {
				LastUpgradeCheck = 0720;
				ORGANIZATIONNAME = Apple;
				TargetAttributes = {
					18961DDC1D3E4B8D0099CA9C = {
						CreatedOnToolsVersion = 7.2;
					};
				};
			};
			buildConfigurationList = 18961DD81D3E4B8D0099CA9C /* Build configuration list for PBXProject "Json Parsing" */;
			compatibilityVersion = "Xcode 3.2";
			developmentRegion = English;
			hasScannedForEncodings = 0;
			knownRegions = (
				en,
				Base,
			);
			mainGroup = 18961DD41D3E4B8D0099CA9C;
			productRefGroup = 18961DDE1D3E4B8D0099CA9C /* Products */;
			projectDirPath = "";
			projectRoot = "";
			targets = (
				18961DDC1D3E4B8D0099CA9C /* Json Parsing */,
			);
		};
/* End PBXProject section */

/* Begin PBXResourcesBuildPhase section */
		18961DDB1D3E4B8D0099CA9C /* Resources */ = {
			isa = PBXResourcesBuildPhase;
			buildActionMask = 2147483647;
			files = (
				18961E071D3FBB840099CA9C /* JsonDataTableViewCell.xib in Resources */,
				18961DF01D3E4B8D0099CA9C /* LaunchScreen.storyboard in Resources */,
				18961DFD1D3FB73B0099CA9C /* JsonData.json in Resources */,
				18961DED1D3E4B8D0099CA9C /* Assets.xcassets in Resources */,
				18961E091D3FBC6D0099CA9C /* Main.storyboard in Resources */,
			);
			runOnlyForDeploymentPostprocessing = 0;
		};
/* End PBXResourcesBuildPhase section */

/* Begin PBXSourcesBuildPhase section */
		18961DD91D3E4B8D0099CA9C /* Sources */ = {
			isa = PBXSourcesBuildPhase;
			buildActionMask = 2147483647;
			files = (
				18961E011D3FB9100099CA9C /* JsonParsingTableViewController.m in Sources */,
				18961DE51D3E4B8D0099CA9C /* AppDelegate.m in Sources */,
				18961DE21D3E4B8D0099CA9C /* main.m in Sources */,
				18961E061D3FBB840099CA9C /* JsonDataTableViewCell.m in Sources */,
				18961DF91D3E4C140099CA9C /* Model.m in Sources */,
			);
			runOnlyForDeploymentPostprocessing = 0;
		};
/* End PBXSourcesBuildPhase section */

/* Begin PBXVariantGroup section */
		18961DEE1D3E4B8D0099CA9C /* LaunchScreen.storyboard */ = {
			isa = PBXVariantGroup;
			children = (
				18961DEF1D3E4B8D0099CA9C /* Base */,
			);
			name = LaunchScreen.storyboard;
			sourceTree = "<group>";
		};
/* End PBXVariantGroup section */

/* Begin XCBuildConfiguration section */
		18961DF21D3E4B8D0099CA9C /* Debug */ = {
			isa = XCBuildConfiguration;
			buildSettings = {
				ALWAYS_SEARCH_USER_PATHS = NO;
				CLANG_CXX_LANGUAGE_STANDARD = "gnu++0x";
				CLANG_CXX_LIBRARY = "libc++";
				CLANG_ENABLE_MODULES = YES;
				CLANG_ENABLE_OBJC_ARC = YES;
				CLANG_WARN_BOOL_CONVERSION = YES;
				CLANG_WARN_CONSTANT_CONVERSION = YES;
				CLANG_WARN_DIRECT_OBJC_ISA_USAGE = YES_ERROR;
				CLANG_WARN_EMPTY_BODY = YES;
				CLANG_WARN_ENUM_CONVERSION = YES;
				CLANG_WARN_INT_CONVERSION = YES;
				CLANG_WARN_OBJC_ROOT_CLASS = YES_ERROR;
				CLANG_WARN_UNREACHABLE_CODE = YES;
				CLANG_WARN__DUPLICATE_METHOD_MATCH = YES;
				"CODE_SIGN_IDENTITY[sdk=iphoneos*]" = "iPhone Developer";
				COPY_PHASE_STRIP = NO;
				DEBUG_INFORMATION_FORMAT = dwarf;
				ENABLE_STRICT_OBJC_MSGSEND = YES;
				ENABLE_TESTABILITY = YES;
				GCC_C_LANGUAGE_STANDARD = gnu99;
				GCC_DYNAMIC_NO_PIC = NO;
				GCC_NO_COMMON_BLOCKS = YES;
				GCC_OPTIMIZATION_LEVEL = 0;
				GCC_PREPROCESSOR_DEFINITIONS = (
					"DEBUG=1",
					"$(inherited)",
				);
				GCC_WARN_64_TO_32_BIT_CONVERSION = YES;
				GCC_WARN_ABOUT_RETURN_TYPE = YES_ERROR;
				GCC_WARN_UNDECLARED_SELECTOR = YES;
				GCC_WARN_UNINITIALIZED_AUTOS = YES_AGGRESSIVE;
				GCC_WARN_UNUSED_FUNCTION = YES;
				GCC_WARN_UNUSED_VARIABLE = YES;
				IPHONEOS_DEPLOYMENT_TARGET = 9.2;
				MTL_ENABLE_DEBUG_INFO = YES;
				ONLY_ACTIVE_ARCH = YES;
				SDKROOT = iphoneos;
				TARGETED_DEVICE_FAMILY = "1,2";
			};
			name = Debug;
		};
		18961DF31D3E4B8D0099CA9C /* Release */ = {
			isa = XCBuildConfiguration;
			buildSettings = {
				ALWAYS_SEARCH_USER_PATHS = NO;
				CLANG_CXX_LANGUAGE_STANDARD = "gnu++0x";
				CLANG_CXX_LIBRARY = "libc++";
				CLANG_ENABLE_MODULES = YES;
				CLANG_ENABLE_OBJC_ARC = YES;
				CLANG_WARN_BOOL_CONVERSION = YES;
				CLANG_WARN_CONSTANT_CONVERSION = YES;
				CLANG_WARN_DIRECT_OBJC_ISA_USAGE = YES_ERROR;
				CLANG_WARN_EMPTY_BODY = YES;
				CLANG_WARN_ENUM_CONVERSION = YES;
				CLANG_WARN_INT_CONVERSION = YES;
				CLANG_WARN_OBJC_ROOT_CLASS = YES_ERROR;
				CLANG_WARN_UNREACHABLE_CODE = YES;
				CLANG_WARN__DUPLICATE_METHOD_MATCH = YES;
				"CODE_SIGN_IDENTITY[sdk=iphoneos*]" = "iPhone Developer";
				COPY_PHASE_STRIP = NO;
				DEBUG_INFORMATION_FORMAT = "dwarf-with-dsym";
				ENABLE_NS_ASSERTIONS = NO;
				ENABLE_STRICT_OBJC_MSGSEND = YES;
				GCC_C_LANGUAGE_STANDARD = gnu99;
				GCC_NO_COMMON_BLOCKS = YES;
				GCC_WARN_64_TO_32_BIT_CONVERSION = YES;
				GCC_WARN_ABOUT_RETURN_TYPE = YES_ERROR;
				GCC_WARN_UNDECLARED_SELECTOR = YES;
				GCC_WARN_UNINITIALIZED_AUTOS = YES_AGGRESSIVE;
				GCC_WARN_UNUSED_FUNCTION = YES;
				GCC_WARN_UNUSED_VARIABLE = YES;
				IPHONEOS_DEPLOYMENT_TARGET = 9.2;
				MTL_ENABLE_DEBUG_INFO = NO;
				SDKROOT = iphoneos;
				TARGETED_DEVICE_FAMILY = "1,2";
				VALIDATE_PRODUCT = YES;
			};
			name = Release;
		};
		18961DF51D3E4B8D0099CA9C /* Debug */ = {
			isa = XCBuildConfiguration;
			buildSettings = {
				ASSETCATALOG_COMPILER_APPICON_NAME = AppIcon;
				INFOPLIST_FILE = "Json Parsing/Info.plist";
				LD_RUNPATH_SEARCH_PATHS = "$(inherited) @executable_path/Frameworks";
				PRODUCT_BUNDLE_IDENTIFIER = "manas.Json-Parsing";
				PRODUCT_NAME = "$(TARGET_NAME)";
			};
			name = Debug;
		};
		18961DF61D3E4B8D0099CA9C /* Release */ = {
			isa = XCBuildConfiguration;
			buildSettings = {
				ASSETCATALOG_COMPILER_APPICON_NAME = AppIcon;
				INFOPLIST_FILE = "Json Parsing/Info.plist";
				LD_RUNPATH_SEARCH_PATHS = "$(inherited) @executable_path/Frameworks";
				PRODUCT_BUNDLE_IDENTIFIER = "manas.Json-Parsing";
				PRODUCT_NAME = "$(TARGET_NAME)";
			};
			name = Release;
		};
/* End XCBuildConfiguration section */

/* Begin XCConfigurationList section */
		18961DD81D3E4B8D0099CA9C /* Build configuration list for PBXProject "Json Parsing" */ = {
			isa = XCConfigurationList;
			buildConfigurations = (
				18961DF21D3E4B8D0099CA9C /* Debug */,
				18961DF31D3E4B8D0099CA9C /* Release */,
			);
			defaultConfigurationIsVisible = 0;
			defaultConfigurationName = Release;
		};
		18961DF41D3E4B8D0099CA9C /* Build configuration list for PBXNativeTarget "Json Parsing" */ = {
			isa = XCConfigurationList;
			buildConfigurations = (
				18961DF51D3E4B8D0099CA9C /* Debug */,
				18961DF61D3E4B8D0099CA9C /* Release */,
			);
			defaultConfigurationIsVisible = 0;
		};
/* End XCConfigurationList section */
	};
	rootObject = 18961DD51D3E4B8D0099CA9C /* Project object */;
}
